# This file is automatically @generated by Poetry 2.1.1 and should not be changed by hand.

[[package]]
name = "amqp"
version = "5.3.1"
description = "Low-level AMQP client for Python (fork of amqplib)."
optional = false
python-versions = ">=3.6"
groups = ["main"]
files = [
    {file = "amqp-5.3.1-py3-none-any.whl", hash = "sha256:43b3319e1b4e7d1251833a93d672b4af1e40f3d632d479b98661a95f117880a2"},
    {file = "amqp-5.3.1.tar.gz", hash = "sha256:cddc00c725449522023bad949f70fff7b48f0b1ade74d170a6f10ab044739432"},
]

[package.dependencies]
vine = ">=5.0.0,<6.0.0"

[[package]]
name = "billiard"
version = "4.2.1"
description = "Python multiprocessing fork with improvements and bugfixes"
optional = false
python-versions = ">=3.7"
groups = ["main"]
files = [
    {file = "billiard-4.2.1-py3-none-any.whl", hash = "sha256:40b59a4ac8806ba2c2369ea98d876bc6108b051c227baffd928c644d15d8f3cb"},
    {file = "billiard-4.2.1.tar.gz", hash = "sha256:12b641b0c539073fc8d3f5b8b7be998956665c4233c7c1fcd66a7e677c4fb36f"},
]

[[package]]
name = "celery"
version = "5.5.1"
description = "Distributed Task Queue."
optional = false
python-versions = ">=3.8"
groups = ["main"]
files = [
    {file = "celery-5.5.1-py3-none-any.whl", hash = "sha256:9f4f9e57e36000c097c1b6f7a8ab29814b82771e5439836f83915823809729c8"},
    {file = "celery-5.5.1.tar.gz", hash = "sha256:2af9109a10fe28155044f4c387ce0e5e7f1fc89f9584cfb4b0df94f99a5fedc7"},
]

[package.dependencies]
billiard = ">=4.2.1,<5.0"
click = ">=8.1.2,<9.0"
click-didyoumean = ">=0.3.0"
click-plugins = ">=1.1.1"
click-repl = ">=0.2.0"
kombu = ">=5.5.2,<5.6"
python-dateutil = ">=2.8.2"
vine = ">=5.1.0,<6.0"

[package.extras]
arangodb = ["pyArango (>=2.0.2)"]
auth = ["cryptography (==44.0.2)"]
azureblockblob = ["azure-identity (>=1.19.0)", "azure-storage-blob (>=12.15.0)"]
brotli = ["brotli (>=1.0.0) ; platform_python_implementation == \"CPython\"", "brotlipy (>=0.7.0) ; platform_python_implementation == \"PyPy\""]
cassandra = ["cassandra-driver (>=3.25.0,<4)"]
consul = ["python-consul2 (==0.1.5)"]
cosmosdbsql = ["pydocumentdb (==2.3.5)"]
couchbase = ["couchbase (>=3.0.0) ; platform_python_implementation != \"PyPy\" and (platform_system != \"Windows\" or python_version < \"3.10\")"]
couchdb = ["pycouchdb (==1.16.0)"]
django = ["Django (>=2.2.28)"]
dynamodb = ["boto3 (>=1.26.143)"]
elasticsearch = ["elastic-transport (<=8.17.1)", "elasticsearch (<=8.17.2)"]
eventlet = ["eventlet (>=0.32.0) ; python_version < \"3.10\""]
gcs = ["google-cloud-firestore (==2.20.1)", "google-cloud-storage (>=2.10.0)", "grpcio (==1.67.0)"]
gevent = ["gevent (>=1.5.0)"]
librabbitmq = ["librabbitmq (>=2.0.0) ; python_version < \"3.11\""]
memcache = ["pylibmc (==1.6.3) ; platform_system != \"Windows\""]
mongodb = ["pymongo (==4.10.1)"]
msgpack = ["msgpack (==1.1.0)"]
pydantic = ["pydantic (>=2.4)"]
pymemcache = ["python-memcached (>=1.61)"]
pyro = ["pyro4 (==4.82) ; python_version < \"3.11\""]
pytest = ["pytest-celery[all] (>=1.2.0,<1.3.0)"]
redis = ["redis (>=4.5.2,!=4.5.5,<6.0.0)"]
s3 = ["boto3 (>=1.26.143)"]
slmq = ["softlayer_messaging (>=1.0.3)"]
solar = ["ephem (==4.2) ; platform_python_implementation != \"PyPy\""]
sqlalchemy = ["sqlalchemy (>=1.4.48,<2.1)"]
sqs = ["boto3 (>=1.26.143)", "kombu[sqs] (>=5.3.4)", "urllib3 (>=1.26.16)"]
tblib = ["tblib (>=1.3.0) ; python_version < \"3.8.0\"", "tblib (>=1.5.0) ; python_version >= \"3.8.0\""]
yaml = ["PyYAML (>=3.10)"]
zookeeper = ["kazoo (>=1.3.1)"]
zstd = ["zstandard (==0.23.0)"]

[[package]]
name = "click"
version = "8.1.8"
description = "Composable command line interface toolkit"
optional = false
python-versions = ">=3.7"
groups = ["main"]
files = [
    {file = "click-8.1.8-py3-none-any.whl", hash = "sha256:63c132bbbed01578a06712a2d1f497bb62d9c1c0d329b7903a866228027263b2"},
    {file = "click-8.1.8.tar.gz", hash = "sha256:ed53c9d8990d83c2a27deae68e4ee337473f6330c040a31d4225c9574d16096a"},
]

[package.dependencies]
colorama = {version = "*", markers = "platform_system == \"Windows\""}

[[package]]
name = "click-didyoumean"
version = "0.3.1"
description = "Enables git-like *did-you-mean* feature in click"
optional = false
python-versions = ">=3.6.2"
groups = ["main"]
files = [
    {file = "click_didyoumean-0.3.1-py3-none-any.whl", hash = "sha256:5c4bb6007cfea5f2fd6583a2fb6701a22a41eb98957e63d0fac41c10e7c3117c"},
    {file = "click_didyoumean-0.3.1.tar.gz", hash = "sha256:4f82fdff0dbe64ef8ab2279bd6aa3f6a99c3b28c05aa09cbfc07c9d7fbb5a463"},
]

[package.dependencies]
click = ">=7"

[[package]]
name = "click-plugins"
version = "1.1.1"
description = "An extension module for click to enable registering CLI commands via setuptools entry-points."
optional = false
python-versions = "*"
groups = ["main"]
files = [
    {file = "click-plugins-1.1.1.tar.gz", hash = "sha256:46ab999744a9d831159c3411bb0c79346d94a444df9a3a3742e9ed63645f264b"},
    {file = "click_plugins-1.1.1-py2.py3-none-any.whl", hash = "sha256:5d262006d3222f5057fd81e1623d4443e41dcda5dc815c06b442aa3c02889fc8"},
]

[package.dependencies]
click = ">=4.0"

[package.extras]
dev = ["coveralls", "pytest (>=3.6)", "pytest-cov", "wheel"]

[[package]]
name = "click-repl"
version = "0.3.0"
description = "REPL plugin for Click"
optional = false
python-versions = ">=3.6"
groups = ["main"]
files = [
    {file = "click-repl-0.3.0.tar.gz", hash = "sha256:17849c23dba3d667247dc4defe1757fff98694e90fe37474f3feebb69ced26a9"},
    {file = "click_repl-0.3.0-py3-none-any.whl", hash = "sha256:fb7e06deb8da8de86180a33a9da97ac316751c094c6899382da7feeeeb51b812"},
]

[package.dependencies]
click = ">=7.0"
prompt-toolkit = ">=3.0.36"

[package.extras]
testing = ["pytest (>=7.2.1)", "pytest-cov (>=4.0.0)", "tox (>=4.4.3)"]

[[package]]
name = "colorama"
version = "0.4.6"
description = "Cross-platform colored terminal text."
optional = false
python-versions = "!=3.0.*,!=3.1.*,!=3.2.*,!=3.3.*,!=3.4.*,!=3.5.*,!=3.6.*,>=2.7"
groups = ["main"]
markers = "platform_system == \"Windows\""
files = [
    {file = "colorama-0.4.6-py2.py3-none-any.whl", hash = "sha256:4f1d9991f5acc0ca119f9d443620b77f9d6b33703e51011c16baf57afb285fc6"},
    {file = "colorama-0.4.6.tar.gz", hash = "sha256:08695f5cb7ed6e0531a20572697297273c47b8cae5a63ffc6d6ed5c201be6e44"},
]

[[package]]
name = "flower"
version = "2.0.1"
description = "Celery Flower"
optional = false
python-versions = ">=3.7"
groups = ["main"]
files = [
    {file = "flower-2.0.1-py2.py3-none-any.whl", hash = "sha256:9db2c621eeefbc844c8dd88be64aef61e84e2deb29b271e02ab2b5b9f01068e2"},
    {file = "flower-2.0.1.tar.gz", hash = "sha256:5ab717b979530770c16afb48b50d2a98d23c3e9fe39851dcf6bc4d01845a02a0"},
]

[package.dependencies]
celery = ">=5.0.5"
humanize = "*"
prometheus-client = ">=0.8.0"
pytz = "*"
tornado = ">=5.0.0,<7.0.0"

[[package]]
name = "greenlet"
version = "3.2.1"
description = "Lightweight in-process concurrent programming"
optional = false
python-versions = ">=3.9"
groups = ["main"]
markers = "python_version < \"3.14\" and (platform_machine == \"aarch64\" or platform_machine == \"ppc64le\" or platform_machine == \"x86_64\" or platform_machine == \"amd64\" or platform_machine == \"AMD64\" or platform_machine == \"win32\" or platform_machine == \"WIN32\")"
files = [
    {file = "greenlet-3.2.1-cp310-cp310-macosx_11_0_universal2.whl", hash = "sha256:777c1281aa7c786738683e302db0f55eb4b0077c20f1dc53db8852ffaea0a6b0"},
    {file = "greenlet-3.2.1-cp310-cp310-manylinux_2_17_aarch64.manylinux2014_aarch64.whl", hash = "sha256:3059c6f286b53ea4711745146ffe5a5c5ff801f62f6c56949446e0f6461f8157"},
    {file = "greenlet-3.2.1-cp310-cp310-manylinux_2_17_ppc64le.manylinux2014_ppc64le.whl", hash = "sha256:e1a40a17e2c7348f5eee5d8e1b4fa6a937f0587eba89411885a36a8e1fc29bd2"},
    {file = "greenlet-3.2.1-cp310-cp310-manylinux_2_17_s390x.manylinux2014_s390x.whl", hash = "sha256:5193135b3a8d0017cb438de0d49e92bf2f6c1c770331d24aa7500866f4db4017"},
    {file = "greenlet-3.2.1-cp310-cp310-manylinux_2_17_x86_64.manylinux2014_x86_64.whl", hash = "sha256:639a94d001fe874675b553f28a9d44faed90f9864dc57ba0afef3f8d76a18b04"},
    {file = "greenlet-3.2.1-cp310-cp310-manylinux_2_24_x86_64.manylinux_2_28_x86_64.whl", hash = "sha256:8fe303381e7e909e42fb23e191fc69659910909fdcd056b92f6473f80ef18543"},
    {file = "greenlet-3.2.1-cp310-cp310-musllinux_1_1_aarch64.whl", hash = "sha256:72c9b668454e816b5ece25daac1a42c94d1c116d5401399a11b77ce8d883110c"},
    {file = "greenlet-3.2.1-cp310-cp310-musllinux_1_1_x86_64.whl", hash = "sha256:6079ae990bbf944cf66bea64a09dcb56085815630955109ffa98984810d71565"},
    {file = "greenlet-3.2.1-cp310-cp310-win_amd64.whl", hash = "sha256:e63cd2035f49376a23611fbb1643f78f8246e9d4dfd607534ec81b175ce582c2"},
    {file = "greenlet-3.2.1-cp311-cp311-macosx_11_0_universal2.whl", hash = "sha256:aa30066fd6862e1153eaae9b51b449a6356dcdb505169647f69e6ce315b9468b"},
    {file = "greenlet-3.2.1-cp311-cp311-manylinux_2_17_aarch64.manylinux2014_aarch64.whl", hash = "sha256:7b0f3a0a67786facf3b907a25db80efe74310f9d63cc30869e49c79ee3fcef7e"},
    {file = "greenlet-3.2.1-cp311-cp311-manylinux_2_17_ppc64le.manylinux2014_ppc64le.whl", hash = "sha256:64a4d0052de53ab3ad83ba86de5ada6aeea8f099b4e6c9ccce70fb29bc02c6a2"},
    {file = "greenlet-3.2.1-cp311-cp311-manylinux_2_17_s390x.manylinux2014_s390x.whl", hash = "sha256:852ef432919830022f71a040ff7ba3f25ceb9fe8f3ab784befd747856ee58530"},
    {file = "greenlet-3.2.1-cp311-cp311-manylinux_2_17_x86_64.manylinux2014_x86_64.whl", hash = "sha256:4818116e75a0dd52cdcf40ca4b419e8ce5cb6669630cb4f13a6c384307c9543f"},
    {file = "greenlet-3.2.1-cp311-cp311-manylinux_2_24_x86_64.manylinux_2_28_x86_64.whl", hash = "sha256:9afa05fe6557bce1642d8131f87ae9462e2a8e8c46f7ed7929360616088a3975"},
    {file = "greenlet-3.2.1-cp311-cp311-musllinux_1_1_aarch64.whl", hash = "sha256:5c12f0d17a88664757e81a6e3fc7c2452568cf460a2f8fb44f90536b2614000b"},
    {file = "greenlet-3.2.1-cp311-cp311-musllinux_1_1_x86_64.whl", hash = "sha256:dbb4e1aa2000852937dd8f4357fb73e3911da426df8ca9b8df5db231922da474"},
    {file = "greenlet-3.2.1-cp311-cp311-win_amd64.whl", hash = "sha256:cb5ee928ce5fedf9a4b0ccdc547f7887136c4af6109d8f2fe8e00f90c0db47f5"},
    {file = "greenlet-3.2.1-cp312-cp312-macosx_11_0_universal2.whl", hash = "sha256:0ba2811509a30e5f943be048895a983a8daf0b9aa0ac0ead526dfb5d987d80ea"},
    {file = "greenlet-3.2.1-cp312-cp312-manylinux_2_17_aarch64.manylinux2014_aarch64.whl", hash = "sha256:4245246e72352b150a1588d43ddc8ab5e306bef924c26571aafafa5d1aaae4e8"},
    {file = "greenlet-3.2.1-cp312-cp312-manylinux_2_17_ppc64le.manylinux2014_ppc64le.whl", hash = "sha256:7abc0545d8e880779f0c7ce665a1afc3f72f0ca0d5815e2b006cafc4c1cc5840"},
    {file = "greenlet-3.2.1-cp312-cp312-manylinux_2_17_s390x.manylinux2014_s390x.whl", hash = "sha256:6dcc6d604a6575c6225ac0da39df9335cc0c6ac50725063fa90f104f3dbdb2c9"},
    {file = "greenlet-3.2.1-cp312-cp312-manylinux_2_17_x86_64.manylinux2014_x86_64.whl", hash = "sha256:2273586879affca2d1f414709bb1f61f0770adcabf9eda8ef48fd90b36f15d12"},
    {file = "greenlet-3.2.1-cp312-cp312-manylinux_2_24_x86_64.manylinux_2_28_x86_64.whl", hash = "sha256:ff38c869ed30fff07f1452d9a204ece1ec6d3c0870e0ba6e478ce7c1515acf22"},
    {file = "greenlet-3.2.1-cp312-cp312-musllinux_1_1_aarch64.whl", hash = "sha256:e934591a7a4084fa10ee5ef50eb9d2ac8c4075d5c9cf91128116b5dca49d43b1"},
    {file = "greenlet-3.2.1-cp312-cp312-musllinux_1_1_x86_64.whl", hash = "sha256:063bcf7f8ee28eb91e7f7a8148c65a43b73fbdc0064ab693e024b5a940070145"},
    {file = "greenlet-3.2.1-cp312-cp312-win_amd64.whl", hash = "sha256:7132e024ebeeeabbe661cf8878aac5d2e643975c4feae833142592ec2f03263d"},
    {file = "greenlet-3.2.1-cp313-cp313-macosx_11_0_universal2.whl", hash = "sha256:e1967882f0c42eaf42282a87579685c8673c51153b845fde1ee81be720ae27ac"},
    {file = "greenlet-3.2.1-cp313-cp313-manylinux_2_17_aarch64.manylinux2014_aarch64.whl", hash = "sha256:e77ae69032a95640a5fe8c857ec7bee569a0997e809570f4c92048691ce4b437"},
    {file = "greenlet-3.2.1-cp313-cp313-manylinux_2_17_ppc64le.manylinux2014_ppc64le.whl", hash = "sha256:3227c6ec1149d4520bc99edac3b9bc8358d0034825f3ca7572165cb502d8f29a"},
    {file = "greenlet-3.2.1-cp313-cp313-manylinux_2_17_s390x.manylinux2014_s390x.whl", hash = "sha256:0ddda0197c5b46eedb5628d33dad034c455ae77708c7bf192686e760e26d6a0c"},
    {file = "greenlet-3.2.1-cp313-cp313-manylinux_2_17_x86_64.manylinux2014_x86_64.whl", hash = "sha256:de62b542e5dcf0b6116c310dec17b82bb06ef2ceb696156ff7bf74a7a498d982"},
    {file = "greenlet-3.2.1-cp313-cp313-manylinux_2_24_x86_64.manylinux_2_28_x86_64.whl", hash = "sha256:c07a0c01010df42f1f058b3973decc69c4d82e036a951c3deaf89ab114054c07"},
    {file = "greenlet-3.2.1-cp313-cp313-musllinux_1_1_aarch64.whl", hash = "sha256:2530bfb0abcd451ea81068e6d0a1aac6dabf3f4c23c8bd8e2a8f579c2dd60d95"},
    {file = "greenlet-3.2.1-cp313-cp313-musllinux_1_1_x86_64.whl", hash = "sha256:1c472adfca310f849903295c351d297559462067f618944ce2650a1878b84123"},
    {file = "greenlet-3.2.1-cp313-cp313-win_amd64.whl", hash = "sha256:24a496479bc8bd01c39aa6516a43c717b4cee7196573c47b1f8e1011f7c12495"},
    {file = "greenlet-3.2.1-cp313-cp313t-manylinux_2_17_aarch64.manylinux2014_aarch64.whl", hash = "sha256:175d583f7d5ee57845591fc30d852b75b144eb44b05f38b67966ed6df05c8526"},
    {file = "greenlet-3.2.1-cp313-cp313t-manylinux_2_17_ppc64le.manylinux2014_ppc64le.whl", hash = "sha256:3ecc9d33ca9428e4536ea53e79d781792cee114d2fa2695b173092bdbd8cd6d5"},
    {file = "greenlet-3.2.1-cp313-cp313t-manylinux_2_17_s390x.manylinux2014_s390x.whl", hash = "sha256:3f56382ac4df3860ebed8ed838f268f03ddf4e459b954415534130062b16bc32"},
    {file = "greenlet-3.2.1-cp313-cp313t-manylinux_2_17_x86_64.manylinux2014_x86_64.whl", hash = "sha256:cc45a7189c91c0f89aaf9d69da428ce8301b0fd66c914a499199cfb0c28420fc"},
    {file = "greenlet-3.2.1-cp313-cp313t-manylinux_2_24_x86_64.manylinux_2_28_x86_64.whl", hash = "sha256:51a2f49da08cff79ee42eb22f1658a2aed60c72792f0a0a95f5f0ca6d101b1fb"},
    {file = "greenlet-3.2.1-cp313-cp313t-musllinux_1_1_aarch64.whl", hash = "sha256:0c68bbc639359493420282d2f34fa114e992a8724481d700da0b10d10a7611b8"},
    {file = "greenlet-3.2.1-cp313-cp313t-musllinux_1_1_x86_64.whl", hash = "sha256:e775176b5c203a1fa4be19f91da00fd3bff536868b77b237da3f4daa5971ae5d"},
    {file = "greenlet-3.2.1-cp314-cp314-macosx_11_0_universal2.whl", hash = "sha256:d6668caf15f181c1b82fb6406f3911696975cc4c37d782e19cb7ba499e556189"},
    {file = "greenlet-3.2.1-cp39-cp39-macosx_11_0_universal2.whl", hash = "sha256:17964c246d4f6e1327edd95e2008988a8995ae3a7732be2f9fc1efed1f1cdf8c"},
    {file = "greenlet-3.2.1-cp39-cp39-manylinux_2_17_aarch64.manylinux2014_aarch64.whl", hash = "sha256:04b4ec7f65f0e4a1500ac475c9343f6cc022b2363ebfb6e94f416085e40dea15"},
    {file = "greenlet-3.2.1-cp39-cp39-manylinux_2_17_ppc64le.manylinux2014_ppc64le.whl", hash = "sha256:b38d53cf268da963869aa25a6e4cc84c1c69afc1ae3391738b2603d110749d01"},
    {file = "greenlet-3.2.1-cp39-cp39-manylinux_2_17_s390x.manylinux2014_s390x.whl", hash = "sha256:05a7490f74e8aabc5f29256765a99577ffde979920a2db1f3676d265a3adba41"},
    {file = "greenlet-3.2.1-cp39-cp39-manylinux_2_17_x86_64.manylinux2014_x86_64.whl", hash = "sha256:4339b202ac20a89ccd5bde0663b4d00dc62dd25cb3fb14f7f3034dec1b0d9ece"},
    {file = "greenlet-3.2.1-cp39-cp39-manylinux_2_24_x86_64.manylinux_2_28_x86_64.whl", hash = "sha256:1a750f1046994b9e038b45ae237d68153c29a3a783075211fb1414a180c8324b"},
    {file = "greenlet-3.2.1-cp39-cp39-musllinux_1_1_aarch64.whl", hash = "sha256:374ffebaa5fbd10919cd599e5cf8ee18bae70c11f9d61e73db79826c8c93d6f9"},
    {file = "greenlet-3.2.1-cp39-cp39-musllinux_1_1_x86_64.whl", hash = "sha256:8b89e5d44f55372efc6072f59ced5ed1efb7b44213dab5ad7e0caba0232c6545"},
    {file = "greenlet-3.2.1-cp39-cp39-win32.whl", hash = "sha256:b7503d6b8bbdac6bbacf5a8c094f18eab7553481a1830975799042f26c9e101b"},
    {file = "greenlet-3.2.1-cp39-cp39-win_amd64.whl", hash = "sha256:e98328b8b8f160925d6b1c5b1879d8e64f6bd8cf11472b7127d579da575b77d9"},
    {file = "greenlet-3.2.1.tar.gz", hash = "sha256:9f4dd4b4946b14bb3bf038f81e1d2e535b7d94f1b2a59fdba1293cd9c1a0a4d7"},
]

[package.extras]
docs = ["Sphinx", "furo"]
test = ["objgraph", "psutil"]

[[package]]
name = "humanize"
version = "4.12.2"
description = "Python humanize utilities"
optional = false
python-versions = ">=3.9"
groups = ["main"]
files = [
    {file = "humanize-4.12.2-py3-none-any.whl", hash = "sha256:e4e44dced598b7e03487f3b1c6fd5b1146c30ea55a110e71d5d4bca3e094259e"},
    {file = "humanize-4.12.2.tar.gz", hash = "sha256:ce0715740e9caacc982bb89098182cf8ded3552693a433311c6a4ce6f4e12a2c"},
]

[package.extras]
tests = ["freezegun", "pytest", "pytest-cov"]

[[package]]
name = "kombu"
version = "5.5.3"
description = "Messaging library for Python."
optional = false
python-versions = ">=3.8"
groups = ["main"]
files = [
    {file = "kombu-5.5.3-py3-none-any.whl", hash = "sha256:5b0dbceb4edee50aa464f59469d34b97864be09111338cfb224a10b6a163909b"},
    {file = "kombu-5.5.3.tar.gz", hash = "sha256:021a0e11fcfcd9b0260ef1fb64088c0e92beb976eb59c1dfca7ddd4ad4562ea2"},
]

[package.dependencies]
amqp = ">=5.1.1,<6.0.0"
tzdata = {version = ">=2025.2", markers = "python_version >= \"3.9\""}
vine = "5.1.0"

[package.extras]
azureservicebus = ["azure-servicebus (>=7.10.0)"]
azurestoragequeues = ["azure-identity (>=1.12.0)", "azure-storage-queue (>=12.6.0)"]
confluentkafka = ["confluent-kafka (>=2.2.0)"]
consul = ["python-consul2 (==0.1.5)"]
gcpubsub = ["google-cloud-monitoring (>=2.16.0)", "google-cloud-pubsub (>=2.18.4)", "grpcio (==1.67.0)", "protobuf (==4.25.5)"]
librabbitmq = ["librabbitmq (>=2.0.0) ; python_version < \"3.11\""]
mongodb = ["pymongo (>=4.1.1)"]
msgpack = ["msgpack (==1.1.0)"]
pyro = ["pyro4 (==4.82)"]
qpid = ["qpid-python (>=0.26)", "qpid-tools (>=0.26)"]
redis = ["redis (>=4.5.2,!=4.5.5,!=5.0.2,<=5.2.1)"]
slmq = ["softlayer_messaging (>=1.0.3)"]
sqlalchemy = ["sqlalchemy (>=1.4.48,<2.1)"]
sqs = ["boto3 (>=1.26.143)", "urllib3 (>=1.26.16)"]
yaml = ["PyYAML (>=3.10)"]
zookeeper = ["kazoo (>=2.8.0)"]

[[package]]
name = "prometheus-client"
version = "0.21.1"
description = "Python client for the Prometheus monitoring system."
optional = false
python-versions = ">=3.8"
groups = ["main"]
files = [
    {file = "prometheus_client-0.21.1-py3-none-any.whl", hash = "sha256:594b45c410d6f4f8888940fe80b5cc2521b305a1fafe1c58609ef715a001f301"},
    {file = "prometheus_client-0.21.1.tar.gz", hash = "sha256:252505a722ac04b0456be05c05f75f45d760c2911ffc45f2a06bcaed9f3ae3fb"},
]

[package.extras]
twisted = ["twisted"]

[[package]]
name = "prompt-toolkit"
version = "3.0.51"
description = "Library for building powerful interactive command lines in Python"
optional = false
python-versions = ">=3.8"
groups = ["main"]
files = [
    {file = "prompt_toolkit-3.0.51-py3-none-any.whl", hash = "sha256:52742911fde84e2d423e2f9a4cf1de7d7ac4e51958f648d9540e0fb8db077b07"},
    {file = "prompt_toolkit-3.0.51.tar.gz", hash = "sha256:931a162e3b27fc90c86f1b48bb1fb2c528c2761475e57c9c06de13311c7b54ed"},
]

[package.dependencies]
wcwidth = "*"

[[package]]
name = "psycopg2-binary"
version = "2.9.10"
description = "psycopg2 - Python-PostgreSQL Database Adapter"
optional = false
python-versions = ">=3.8"
groups = ["main"]
files = [
    {file = "psycopg2-binary-2.9.10.tar.gz", hash = "sha256:4b3df0e6990aa98acda57d983942eff13d824135fe2250e6522edaa782a06de2"},
    {file = "psycopg2_binary-2.9.10-cp310-cp310-macosx_12_0_x86_64.whl", hash = "sha256:0ea8e3d0ae83564f2fc554955d327fa081d065c8ca5cc6d2abb643e2c9c1200f"},
    {file = "psycopg2_binary-2.9.10-cp310-cp310-macosx_14_0_arm64.whl", hash = "sha256:3e9c76f0ac6f92ecfc79516a8034a544926430f7b080ec5a0537bca389ee0906"},
    {file = "psycopg2_binary-2.9.10-cp310-cp310-manylinux_2_17_aarch64.manylinux2014_aarch64.whl", hash = "sha256:2ad26b467a405c798aaa1458ba09d7e2b6e5f96b1ce0ac15d82fd9f95dc38a92"},
    {file = "psycopg2_binary-2.9.10-cp310-cp310-manylinux_2_17_i686.manylinux2014_i686.whl", hash = "sha256:270934a475a0e4b6925b5f804e3809dd5f90f8613621d062848dd82f9cd62007"},
    {file = "psycopg2_binary-2.9.10-cp310-cp310-manylinux_2_17_ppc64le.manylinux2014_ppc64le.whl", hash = "sha256:48b338f08d93e7be4ab2b5f1dbe69dc5e9ef07170fe1f86514422076d9c010d0"},
    {file = "psycopg2_binary-2.9.10-cp310-cp310-manylinux_2_17_x86_64.manylinux2014_x86_64.whl", hash = "sha256:7f4152f8f76d2023aac16285576a9ecd2b11a9895373a1f10fd9db54b3ff06b4"},
    {file = "psycopg2_binary-2.9.10-cp310-cp310-musllinux_1_2_aarch64.whl", hash = "sha256:32581b3020c72d7a421009ee1c6bf4a131ef5f0a968fab2e2de0c9d2bb4577f1"},
    {file = "psycopg2_binary-2.9.10-cp310-cp310-musllinux_1_2_i686.whl", hash = "sha256:2ce3e21dc3437b1d960521eca599d57408a695a0d3c26797ea0f72e834c7ffe5"},
    {file = "psycopg2_binary-2.9.10-cp310-cp310-musllinux_1_2_ppc64le.whl", hash = "sha256:e984839e75e0b60cfe75e351db53d6db750b00de45644c5d1f7ee5d1f34a1ce5"},
    {file = "psycopg2_binary-2.9.10-cp310-cp310-musllinux_1_2_x86_64.whl", hash = "sha256:3c4745a90b78e51d9ba06e2088a2fe0c693ae19cc8cb051ccda44e8df8a6eb53"},
    {file = "psycopg2_binary-2.9.10-cp310-cp310-win32.whl", hash = "sha256:e5720a5d25e3b99cd0dc5c8a440570469ff82659bb09431c1439b92caf184d3b"},
    {file = "psycopg2_binary-2.9.10-cp310-cp310-win_amd64.whl", hash = "sha256:3c18f74eb4386bf35e92ab2354a12c17e5eb4d9798e4c0ad3a00783eae7cd9f1"},
    {file = "psycopg2_binary-2.9.10-cp311-cp311-macosx_12_0_x86_64.whl", hash = "sha256:04392983d0bb89a8717772a193cfaac58871321e3ec69514e1c4e0d4957b5aff"},
    {file = "psycopg2_binary-2.9.10-cp311-cp311-macosx_14_0_arm64.whl", hash = "sha256:1a6784f0ce3fec4edc64e985865c17778514325074adf5ad8f80636cd029ef7c"},
    {file = "psycopg2_binary-2.9.10-cp311-cp311-manylinux_2_17_aarch64.manylinux2014_aarch64.whl", hash = "sha256:b5f86c56eeb91dc3135b3fd8a95dc7ae14c538a2f3ad77a19645cf55bab1799c"},
    {file = "psycopg2_binary-2.9.10-cp311-cp311-manylinux_2_17_i686.manylinux2014_i686.whl", hash = "sha256:2b3d2491d4d78b6b14f76881905c7a8a8abcf974aad4a8a0b065273a0ed7a2cb"},
    {file = "psycopg2_binary-2.9.10-cp311-cp311-manylinux_2_17_ppc64le.manylinux2014_ppc64le.whl", hash = "sha256:2286791ececda3a723d1910441c793be44625d86d1a4e79942751197f4d30341"},
    {file = "psycopg2_binary-2.9.10-cp311-cp311-manylinux_2_17_x86_64.manylinux2014_x86_64.whl", hash = "sha256:512d29bb12608891e349af6a0cccedce51677725a921c07dba6342beaf576f9a"},
    {file = "psycopg2_binary-2.9.10-cp311-cp311-musllinux_1_2_aarch64.whl", hash = "sha256:5a507320c58903967ef7384355a4da7ff3f28132d679aeb23572753cbf2ec10b"},
    {file = "psycopg2_binary-2.9.10-cp311-cp311-musllinux_1_2_i686.whl", hash = "sha256:6d4fa1079cab9018f4d0bd2db307beaa612b0d13ba73b5c6304b9fe2fb441ff7"},
    {file = "psycopg2_binary-2.9.10-cp311-cp311-musllinux_1_2_ppc64le.whl", hash = "sha256:851485a42dbb0bdc1edcdabdb8557c09c9655dfa2ca0460ff210522e073e319e"},
    {file = "psycopg2_binary-2.9.10-cp311-cp311-musllinux_1_2_x86_64.whl", hash = "sha256:35958ec9e46432d9076286dda67942ed6d968b9c3a6a2fd62b48939d1d78bf68"},
    {file = "psycopg2_binary-2.9.10-cp311-cp311-win32.whl", hash = "sha256:ecced182e935529727401b24d76634a357c71c9275b356efafd8a2a91ec07392"},
    {file = "psycopg2_binary-2.9.10-cp311-cp311-win_amd64.whl", hash = "sha256:ee0e8c683a7ff25d23b55b11161c2663d4b099770f6085ff0a20d4505778d6b4"},
    {file = "psycopg2_binary-2.9.10-cp312-cp312-macosx_12_0_x86_64.whl", hash = "sha256:880845dfe1f85d9d5f7c412efea7a08946a46894537e4e5d091732eb1d34d9a0"},
    {file = "psycopg2_binary-2.9.10-cp312-cp312-macosx_14_0_arm64.whl", hash = "sha256:9440fa522a79356aaa482aa4ba500b65f28e5d0e63b801abf6aa152a29bd842a"},
    {file = "psycopg2_binary-2.9.10-cp312-cp312-manylinux_2_17_aarch64.manylinux2014_aarch64.whl", hash = "sha256:e3923c1d9870c49a2d44f795df0c889a22380d36ef92440ff618ec315757e539"},
    {file = "psycopg2_binary-2.9.10-cp312-cp312-manylinux_2_17_i686.manylinux2014_i686.whl", hash = "sha256:7b2c956c028ea5de47ff3a8d6b3cc3330ab45cf0b7c3da35a2d6ff8420896526"},
    {file = "psycopg2_binary-2.9.10-cp312-cp312-manylinux_2_17_ppc64le.manylinux2014_ppc64le.whl", hash = "sha256:f758ed67cab30b9a8d2833609513ce4d3bd027641673d4ebc9c067e4d208eec1"},
    {file = "psycopg2_binary-2.9.10-cp312-cp312-manylinux_2_17_x86_64.manylinux2014_x86_64.whl", hash = "sha256:8cd9b4f2cfab88ed4a9106192de509464b75a906462fb846b936eabe45c2063e"},
    {file = "psycopg2_binary-2.9.10-cp312-cp312-musllinux_1_2_aarch64.whl", hash = "sha256:6dc08420625b5a20b53551c50deae6e231e6371194fa0651dbe0fb206452ae1f"},
    {file = "psycopg2_binary-2.9.10-cp312-cp312-musllinux_1_2_i686.whl", hash = "sha256:d7cd730dfa7c36dbe8724426bf5612798734bff2d3c3857f36f2733f5bfc7c00"},
    {file = "psycopg2_binary-2.9.10-cp312-cp312-musllinux_1_2_ppc64le.whl", hash = "sha256:155e69561d54d02b3c3209545fb08938e27889ff5a10c19de8d23eb5a41be8a5"},
    {file = "psycopg2_binary-2.9.10-cp312-cp312-musllinux_1_2_x86_64.whl", hash = "sha256:c3cc28a6fd5a4a26224007712e79b81dbaee2ffb90ff406256158ec4d7b52b47"},
    {file = "psycopg2_binary-2.9.10-cp312-cp312-win32.whl", hash = "sha256:ec8a77f521a17506a24a5f626cb2aee7850f9b69a0afe704586f63a464f3cd64"},
    {file = "psycopg2_binary-2.9.10-cp312-cp312-win_amd64.whl", hash = "sha256:18c5ee682b9c6dd3696dad6e54cc7ff3a1a9020df6a5c0f861ef8bfd338c3ca0"},
    {file = "psycopg2_binary-2.9.10-cp313-cp313-macosx_12_0_x86_64.whl", hash = "sha256:26540d4a9a4e2b096f1ff9cce51253d0504dca5a85872c7f7be23be5a53eb18d"},
    {file = "psycopg2_binary-2.9.10-cp313-cp313-macosx_14_0_arm64.whl", hash = "sha256:e217ce4d37667df0bc1c397fdcd8de5e81018ef305aed9415c3b093faaeb10fb"},
    {file = "psycopg2_binary-2.9.10-cp313-cp313-manylinux_2_17_aarch64.manylinux2014_aarch64.whl", hash = "sha256:245159e7ab20a71d989da00f280ca57da7641fa2cdcf71749c193cea540a74f7"},
    {file = "psycopg2_binary-2.9.10-cp313-cp313-manylinux_2_17_i686.manylinux2014_i686.whl", hash = "sha256:3c4ded1a24b20021ebe677b7b08ad10bf09aac197d6943bfe6fec70ac4e4690d"},
    {file = "psycopg2_binary-2.9.10-cp313-cp313-manylinux_2_17_ppc64le.manylinux2014_ppc64le.whl", hash = "sha256:3abb691ff9e57d4a93355f60d4f4c1dd2d68326c968e7db17ea96df3c023ef73"},
    {file = "psycopg2_binary-2.9.10-cp313-cp313-manylinux_2_17_x86_64.manylinux2014_x86_64.whl", hash = "sha256:8608c078134f0b3cbd9f89b34bd60a943b23fd33cc5f065e8d5f840061bd0673"},
    {file = "psycopg2_binary-2.9.10-cp313-cp313-musllinux_1_2_aarch64.whl", hash = "sha256:230eeae2d71594103cd5b93fd29d1ace6420d0b86f4778739cb1a5a32f607d1f"},
    {file = "psycopg2_binary-2.9.10-cp313-cp313-musllinux_1_2_i686.whl", hash = "sha256:bb89f0a835bcfc1d42ccd5f41f04870c1b936d8507c6df12b7737febc40f0909"},
    {file = "psycopg2_binary-2.9.10-cp313-cp313-musllinux_1_2_ppc64le.whl", hash = "sha256:f0c2d907a1e102526dd2986df638343388b94c33860ff3bbe1384130828714b1"},
    {file = "psycopg2_binary-2.9.10-cp313-cp313-musllinux_1_2_x86_64.whl", hash = "sha256:f8157bed2f51db683f31306aa497311b560f2265998122abe1dce6428bd86567"},
    {file = "psycopg2_binary-2.9.10-cp313-cp313-win_amd64.whl", hash = "sha256:27422aa5f11fbcd9b18da48373eb67081243662f9b46e6fd07c3eb46e4535142"},
    {file = "psycopg2_binary-2.9.10-cp38-cp38-macosx_12_0_x86_64.whl", hash = "sha256:eb09aa7f9cecb45027683bb55aebaaf45a0df8bf6de68801a6afdc7947bb09d4"},
    {file = "psycopg2_binary-2.9.10-cp38-cp38-manylinux_2_17_aarch64.manylinux2014_aarch64.whl", hash = "sha256:b73d6d7f0ccdad7bc43e6d34273f70d587ef62f824d7261c4ae9b8b1b6af90e8"},
    {file = "psycopg2_binary-2.9.10-cp38-cp38-manylinux_2_17_i686.manylinux2014_i686.whl", hash = "sha256:ce5ab4bf46a211a8e924d307c1b1fcda82368586a19d0a24f8ae166f5c784864"},
    {file = "psycopg2_binary-2.9.10-cp38-cp38-manylinux_2_17_ppc64le.manylinux2014_ppc64le.whl", hash = "sha256:056470c3dc57904bbf63d6f534988bafc4e970ffd50f6271fc4ee7daad9498a5"},
    {file = "psycopg2_binary-2.9.10-cp38-cp38-manylinux_2_17_x86_64.manylinux2014_x86_64.whl", hash = "sha256:73aa0e31fa4bb82578f3a6c74a73c273367727de397a7a0f07bd83cbea696baa"},
    {file = "psycopg2_binary-2.9.10-cp38-cp38-musllinux_1_2_aarch64.whl", hash = "sha256:8de718c0e1c4b982a54b41779667242bc630b2197948405b7bd8ce16bcecac92"},
    {file = "psycopg2_binary-2.9.10-cp38-cp38-musllinux_1_2_i686.whl", hash = "sha256:5c370b1e4975df846b0277b4deba86419ca77dbc25047f535b0bb03d1a544d44"},
    {file = "psycopg2_binary-2.9.10-cp38-cp38-musllinux_1_2_ppc64le.whl", hash = "sha256:ffe8ed017e4ed70f68b7b371d84b7d4a790368db9203dfc2d222febd3a9c8863"},
    {file = "psycopg2_binary-2.9.10-cp38-cp38-musllinux_1_2_x86_64.whl", hash = "sha256:8aecc5e80c63f7459a1a2ab2c64df952051df196294d9f739933a9f6687e86b3"},
    {file = "psycopg2_binary-2.9.10-cp39-cp39-macosx_12_0_x86_64.whl", hash = "sha256:7a813c8bdbaaaab1f078014b9b0b13f5de757e2b5d9be6403639b298a04d218b"},
    {file = "psycopg2_binary-2.9.10-cp39-cp39-manylinux_2_17_aarch64.manylinux2014_aarch64.whl", hash = "sha256:d00924255d7fc916ef66e4bf22f354a940c67179ad3fd7067d7a0a9c84d2fbfc"},
    {file = "psycopg2_binary-2.9.10-cp39-cp39-manylinux_2_17_i686.manylinux2014_i686.whl", hash = "sha256:7559bce4b505762d737172556a4e6ea8a9998ecac1e39b5233465093e8cee697"},
    {file = "psycopg2_binary-2.9.10-cp39-cp39-manylinux_2_17_ppc64le.manylinux2014_ppc64le.whl", hash = "sha256:e8b58f0a96e7a1e341fc894f62c1177a7c83febebb5ff9123b579418fdc8a481"},
    {file = "psycopg2_binary-2.9.10-cp39-cp39-manylinux_2_17_x86_64.manylinux2014_x86_64.whl", hash = "sha256:6b269105e59ac96aba877c1707c600ae55711d9dcd3fc4b5012e4af68e30c648"},
    {file = "psycopg2_binary-2.9.10-cp39-cp39-musllinux_1_2_aarch64.whl", hash = "sha256:79625966e176dc97ddabc142351e0409e28acf4660b88d1cf6adb876d20c490d"},
    {file = "psycopg2_binary-2.9.10-cp39-cp39-musllinux_1_2_i686.whl", hash = "sha256:8aabf1c1a04584c168984ac678a668094d831f152859d06e055288fa515e4d30"},
    {file = "psycopg2_binary-2.9.10-cp39-cp39-musllinux_1_2_ppc64le.whl", hash = "sha256:19721ac03892001ee8fdd11507e6a2e01f4e37014def96379411ca99d78aeb2c"},
    {file = "psycopg2_binary-2.9.10-cp39-cp39-musllinux_1_2_x86_64.whl", hash = "sha256:7f5d859928e635fa3ce3477704acee0f667b3a3d3e4bb109f2b18d4005f38287"},
    {file = "psycopg2_binary-2.9.10-cp39-cp39-win32.whl", hash = "sha256:3216ccf953b3f267691c90c6fe742e45d890d8272326b4a8b20850a03d05b7b8"},
    {file = "psycopg2_binary-2.9.10-cp39-cp39-win_amd64.whl", hash = "sha256:30e34c4e97964805f715206c7b789d54a78b70f3ff19fbe590104b71c45600e5"},
]

[[package]]
name = "python-dateutil"
version = "2.9.0.post0"
description = "Extensions to the standard Python datetime module"
optional = false
python-versions = "!=3.0.*,!=3.1.*,!=3.2.*,>=2.7"
groups = ["main"]
files = [
    {file = "python-dateutil-2.9.0.post0.tar.gz", hash = "sha256:37dd54208da7e1cd875388217d5e00ebd4179249f90fb72437e91a35459a0ad3"},
    {file = "python_dateutil-2.9.0.post0-py2.py3-none-any.whl", hash = "sha256:a8b2bc7bffae282281c8140a97d3aa9c14da0b136dfe83f850eea9a5f7470427"},
]

[package.dependencies]
six = ">=1.5"

[[package]]
name = "python-dotenv"
version = "1.1.0"
description = "Read key-value pairs from a .env file and set them as environment variables"
optional = false
python-versions = ">=3.9"
groups = ["main"]
files = [
    {file = "python_dotenv-1.1.0-py3-none-any.whl", hash = "sha256:d7c01d9e2293916c18baf562d95698754b0dbbb5e74d457c45d4f6561fb9d55d"},
    {file = "python_dotenv-1.1.0.tar.gz", hash = "sha256:41f90bc6f5f177fb41f53e87666db362025010eb28f60a01c9143bfa33a2b2d5"},
]

[package.extras]
cli = ["click (>=5.0)"]

[[package]]
name = "pytz"
version = "2025.2"
description = "World timezone definitions, modern and historical"
optional = false
python-versions = "*"
groups = ["main"]
files = [
    {file = "pytz-2025.2-py2.py3-none-any.whl", hash = "sha256:5ddf76296dd8c44c26eb8f4b6f35488f3ccbf6fbbd7adee0b7262d43f0ec2f00"},
    {file = "pytz-2025.2.tar.gz", hash = "sha256:360b9e3dbb49a209c21ad61809c7fb453643e048b38924c765813546746e81c3"},
]

[[package]]
name = "six"
version = "1.17.0"
description = "Python 2 and 3 compatibility utilities"
optional = false
python-versions = "!=3.0.*,!=3.1.*,!=3.2.*,>=2.7"
groups = ["main"]
files = [
    {file = "six-1.17.0-py2.py3-none-any.whl", hash = "sha256:4721f391ed90541fddacab5acf947aa0d3dc7d27b2e1e8eda2be8970586c3274"},
    {file = "six-1.17.0.tar.gz", hash = "sha256:ff70335d468e7eb6ec65b95b99d3a2836546063f63acc5171de367e834932a81"},
]

[[package]]
name = "sqlalchemy"
version = "2.0.40"
description = "Database Abstraction Library"
optional = false
python-versions = ">=3.7"
groups = ["main"]
files = [
    {file = "SQLAlchemy-2.0.40-cp37-cp37m-macosx_10_9_x86_64.whl", hash = "sha256:ae9597cab738e7cc823f04a704fb754a9249f0b6695a6aeb63b74055cd417a96"},
    {file = "SQLAlchemy-2.0.40-cp37-cp37m-manylinux_2_17_aarch64.manylinux2014_aarch64.whl", hash = "sha256:37a5c21ab099a83d669ebb251fddf8f5cee4d75ea40a5a1653d9c43d60e20867"},
    {file = "SQLAlchemy-2.0.40-cp37-cp37m-manylinux_2_17_x86_64.manylinux2014_x86_64.whl", hash = "sha256:bece9527f5a98466d67fb5d34dc560c4da964240d8b09024bb21c1246545e04e"},
    {file = "SQLAlchemy-2.0.40-cp37-cp37m-musllinux_1_2_aarch64.whl", hash = "sha256:8bb131ffd2165fae48162c7bbd0d97c84ab961deea9b8bab16366543deeab625"},
    {file = "SQLAlchemy-2.0.40-cp37-cp37m-musllinux_1_2_x86_64.whl", hash = "sha256:9408fd453d5f8990405cc9def9af46bfbe3183e6110401b407c2d073c3388f47"},
    {file = "SQLAlchemy-2.0.40-cp37-cp37m-win32.whl", hash = "sha256:00a494ea6f42a44c326477b5bee4e0fc75f6a80c01570a32b57e89cf0fbef85a"},
    {file = "SQLAlchemy-2.0.40-cp37-cp37m-win_amd64.whl", hash = "sha256:c7b927155112ac858357ccf9d255dd8c044fd9ad2dc6ce4c4149527c901fa4c3"},
    {file = "sqlalchemy-2.0.40-cp310-cp310-macosx_10_9_x86_64.whl", hash = "sha256:f1ea21bef99c703f44444ad29c2c1b6bd55d202750b6de8e06a955380f4725d7"},
    {file = "sqlalchemy-2.0.40-cp310-cp310-macosx_11_0_arm64.whl", hash = "sha256:afe63b208153f3a7a2d1a5b9df452b0673082588933e54e7c8aac457cf35e758"},
    {file = "sqlalchemy-2.0.40-cp310-cp310-manylinux_2_17_aarch64.manylinux2014_aarch64.whl", hash = "sha256:a8aae085ea549a1eddbc9298b113cffb75e514eadbb542133dd2b99b5fb3b6af"},
    {file = "sqlalchemy-2.0.40-cp310-cp310-manylinux_2_17_x86_64.manylinux2014_x86_64.whl", hash = "sha256:5ea9181284754d37db15156eb7be09c86e16e50fbe77610e9e7bee09291771a1"},
    {file = "sqlalchemy-2.0.40-cp310-cp310-musllinux_1_2_aarch64.whl", hash = "sha256:5434223b795be5c5ef8244e5ac98056e290d3a99bdcc539b916e282b160dda00"},
    {file = "sqlalchemy-2.0.40-cp310-cp310-musllinux_1_2_x86_64.whl", hash = "sha256:15d08d5ef1b779af6a0909b97be6c1fd4298057504eb6461be88bd1696cb438e"},
    {file = "sqlalchemy-2.0.40-cp310-cp310-win32.whl", hash = "sha256:cd2f75598ae70bcfca9117d9e51a3b06fe29edd972fdd7fd57cc97b4dbf3b08a"},
    {file = "sqlalchemy-2.0.40-cp310-cp310-win_amd64.whl", hash = "sha256:2cbafc8d39ff1abdfdda96435f38fab141892dc759a2165947d1a8fffa7ef596"},
    {file = "sqlalchemy-2.0.40-cp311-cp311-macosx_10_9_x86_64.whl", hash = "sha256:f6bacab7514de6146a1976bc56e1545bee247242fab030b89e5f70336fc0003e"},
    {file = "sqlalchemy-2.0.40-cp311-cp311-macosx_11_0_arm64.whl", hash = "sha256:5654d1ac34e922b6c5711631f2da497d3a7bffd6f9f87ac23b35feea56098011"},
    {file = "sqlalchemy-2.0.40-cp311-cp311-manylinux_2_17_aarch64.manylinux2014_aarch64.whl", hash = "sha256:35904d63412db21088739510216e9349e335f142ce4a04b69e2528020ee19ed4"},
    {file = "sqlalchemy-2.0.40-cp311-cp311-manylinux_2_17_x86_64.manylinux2014_x86_64.whl", hash = "sha256:9c7a80ed86d6aaacb8160a1caef6680d4ddd03c944d985aecee940d168c411d1"},
    {file = "sqlalchemy-2.0.40-cp311-cp311-musllinux_1_2_aarch64.whl", hash = "sha256:519624685a51525ddaa7d8ba8265a1540442a2ec71476f0e75241eb8263d6f51"},
    {file = "sqlalchemy-2.0.40-cp311-cp311-musllinux_1_2_x86_64.whl", hash = "sha256:2ee5f9999a5b0e9689bed96e60ee53c3384f1a05c2dd8068cc2e8361b0df5b7a"},
    {file = "sqlalchemy-2.0.40-cp311-cp311-win32.whl", hash = "sha256:c0cae71e20e3c02c52f6b9e9722bca70e4a90a466d59477822739dc31ac18b4b"},
    {file = "sqlalchemy-2.0.40-cp311-cp311-win_amd64.whl", hash = "sha256:574aea2c54d8f1dd1699449f332c7d9b71c339e04ae50163a3eb5ce4c4325ee4"},
    {file = "sqlalchemy-2.0.40-cp312-cp312-macosx_10_13_x86_64.whl", hash = "sha256:9d3b31d0a1c44b74d3ae27a3de422dfccd2b8f0b75e51ecb2faa2bf65ab1ba0d"},
    {file = "sqlalchemy-2.0.40-cp312-cp312-macosx_11_0_arm64.whl", hash = "sha256:37f7a0f506cf78c80450ed1e816978643d3969f99c4ac6b01104a6fe95c5490a"},
    {file = "sqlalchemy-2.0.40-cp312-cp312-manylinux_2_17_aarch64.manylinux2014_aarch64.whl", hash = "sha256:0bb933a650323e476a2e4fbef8997a10d0003d4da996aad3fd7873e962fdde4d"},
    {file = "sqlalchemy-2.0.40-cp312-cp312-manylinux_2_17_x86_64.manylinux2014_x86_64.whl", hash = "sha256:6959738971b4745eea16f818a2cd086fb35081383b078272c35ece2b07012716"},
    {file = "sqlalchemy-2.0.40-cp312-cp312-musllinux_1_2_aarch64.whl", hash = "sha256:110179728e442dae85dd39591beb74072ae4ad55a44eda2acc6ec98ead80d5f2"},
    {file = "sqlalchemy-2.0.40-cp312-cp312-musllinux_1_2_x86_64.whl", hash = "sha256:e8040680eaacdce4d635f12c55c714f3d4c7f57da2bc47a01229d115bd319191"},
    {file = "sqlalchemy-2.0.40-cp312-cp312-win32.whl", hash = "sha256:650490653b110905c10adac69408380688cefc1f536a137d0d69aca1069dc1d1"},
    {file = "sqlalchemy-2.0.40-cp312-cp312-win_amd64.whl", hash = "sha256:2be94d75ee06548d2fc591a3513422b873490efb124048f50556369a834853b0"},
    {file = "sqlalchemy-2.0.40-cp313-cp313-macosx_10_13_x86_64.whl", hash = "sha256:915866fd50dd868fdcc18d61d8258db1bf9ed7fbd6dfec960ba43365952f3b01"},
    {file = "sqlalchemy-2.0.40-cp313-cp313-macosx_11_0_arm64.whl", hash = "sha256:4a4c5a2905a9ccdc67a8963e24abd2f7afcd4348829412483695c59e0af9a705"},
    {file = "sqlalchemy-2.0.40-cp313-cp313-manylinux_2_17_aarch64.manylinux2014_aarch64.whl", hash = "sha256:55028d7a3ebdf7ace492fab9895cbc5270153f75442a0472d8516e03159ab364"},
    {file = "sqlalchemy-2.0.40-cp313-cp313-manylinux_2_17_x86_64.manylinux2014_x86_64.whl", hash = "sha256:6cfedff6878b0e0d1d0a50666a817ecd85051d12d56b43d9d425455e608b5ba0"},
    {file = "sqlalchemy-2.0.40-cp313-cp313-musllinux_1_2_aarch64.whl", hash = "sha256:bb19e30fdae77d357ce92192a3504579abe48a66877f476880238a962e5b96db"},
    {file = "sqlalchemy-2.0.40-cp313-cp313-musllinux_1_2_x86_64.whl", hash = "sha256:16d325ea898f74b26ffcd1cf8c593b0beed8714f0317df2bed0d8d1de05a8f26"},
    {file = "sqlalchemy-2.0.40-cp313-cp313-win32.whl", hash = "sha256:a669cbe5be3c63f75bcbee0b266779706f1a54bcb1000f302685b87d1b8c1500"},
    {file = "sqlalchemy-2.0.40-cp313-cp313-win_amd64.whl", hash = "sha256:641ee2e0834812d657862f3a7de95e0048bdcb6c55496f39c6fa3d435f6ac6ad"},
    {file = "sqlalchemy-2.0.40-cp38-cp38-macosx_10_9_x86_64.whl", hash = "sha256:50f5885bbed261fc97e2e66c5156244f9704083a674b8d17f24c72217d29baf5"},
    {file = "sqlalchemy-2.0.40-cp38-cp38-macosx_11_0_arm64.whl", hash = "sha256:cf0e99cdb600eabcd1d65cdba0d3c91418fee21c4aa1d28db47d095b1064a7d8"},
    {file = "sqlalchemy-2.0.40-cp38-cp38-manylinux_2_17_aarch64.manylinux2014_aarch64.whl", hash = "sha256:fe147fcd85aaed53ce90645c91ed5fca0cc88a797314c70dfd9d35925bd5d106"},
    {file = "sqlalchemy-2.0.40-cp38-cp38-manylinux_2_17_x86_64.manylinux2014_x86_64.whl", hash = "sha256:baf7cee56bd552385c1ee39af360772fbfc2f43be005c78d1140204ad6148438"},
    {file = "sqlalchemy-2.0.40-cp38-cp38-musllinux_1_2_aarch64.whl", hash = "sha256:4aeb939bcac234b88e2d25d5381655e8353fe06b4e50b1c55ecffe56951d18c2"},
    {file = "sqlalchemy-2.0.40-cp38-cp38-musllinux_1_2_x86_64.whl", hash = "sha256:c268b5100cfeaa222c40f55e169d484efa1384b44bf9ca415eae6d556f02cb08"},
    {file = "sqlalchemy-2.0.40-cp38-cp38-win32.whl", hash = "sha256:46628ebcec4f23a1584fb52f2abe12ddb00f3bb3b7b337618b80fc1b51177aff"},
    {file = "sqlalchemy-2.0.40-cp38-cp38-win_amd64.whl", hash = "sha256:7e0505719939e52a7b0c65d20e84a6044eb3712bb6f239c6b1db77ba8e173a37"},
    {file = "sqlalchemy-2.0.40-cp39-cp39-macosx_10_9_x86_64.whl", hash = "sha256:c884de19528e0fcd9dc34ee94c810581dd6e74aef75437ff17e696c2bfefae3e"},
    {file = "sqlalchemy-2.0.40-cp39-cp39-macosx_11_0_arm64.whl", hash = "sha256:1abb387710283fc5983d8a1209d9696a4eae9db8d7ac94b402981fe2fe2e39ad"},
    {file = "sqlalchemy-2.0.40-cp39-cp39-manylinux_2_17_aarch64.manylinux2014_aarch64.whl", hash = "sha256:5cfa124eda500ba4b0d3afc3e91ea27ed4754e727c7f025f293a22f512bcd4c9"},
    {file = "sqlalchemy-2.0.40-cp39-cp39-manylinux_2_17_x86_64.manylinux2014_x86_64.whl", hash = "sha256:8b6b28d303b9d57c17a5164eb1fd2d5119bb6ff4413d5894e74873280483eeb5"},
    {file = "sqlalchemy-2.0.40-cp39-cp39-musllinux_1_2_aarch64.whl", hash = "sha256:b5a5bbe29c10c5bfd63893747a1bf6f8049df607638c786252cb9243b86b6706"},
    {file = "sqlalchemy-2.0.40-cp39-cp39-musllinux_1_2_x86_64.whl", hash = "sha256:f0fda83e113bb0fb27dc003685f32a5dcb99c9c4f41f4fa0838ac35265c23b5c"},
    {file = "sqlalchemy-2.0.40-cp39-cp39-win32.whl", hash = "sha256:957f8d85d5e834397ef78a6109550aeb0d27a53b5032f7a57f2451e1adc37e98"},
    {file = "sqlalchemy-2.0.40-cp39-cp39-win_amd64.whl", hash = "sha256:1ffdf9c91428e59744f8e6f98190516f8e1d05eec90e936eb08b257332c5e870"},
    {file = "sqlalchemy-2.0.40-py3-none-any.whl", hash = "sha256:32587e2e1e359276957e6fe5dad089758bc042a971a8a09ae8ecf7a8fe23d07a"},
    {file = "sqlalchemy-2.0.40.tar.gz", hash = "sha256:d827099289c64589418ebbcaead0145cd19f4e3e8a93919a0100247af245fa00"},
]

[package.dependencies]
greenlet = {version = ">=1", markers = "python_version < \"3.14\" and (platform_machine == \"aarch64\" or platform_machine == \"ppc64le\" or platform_machine == \"x86_64\" or platform_machine == \"amd64\" or platform_machine == \"AMD64\" or platform_machine == \"win32\" or platform_machine == \"WIN32\")"}
typing-extensions = ">=4.6.0"

[package.extras]
aiomysql = ["aiomysql (>=0.2.0)", "greenlet (>=1)"]
aioodbc = ["aioodbc", "greenlet (>=1)"]
aiosqlite = ["aiosqlite", "greenlet (>=1)", "typing_extensions (!=3.10.0.1)"]
asyncio = ["greenlet (>=1)"]
asyncmy = ["asyncmy (>=0.2.3,!=0.2.4,!=0.2.6)", "greenlet (>=1)"]
mariadb-connector = ["mariadb (>=1.0.1,!=1.1.2,!=1.1.5,!=1.1.10)"]
mssql = ["pyodbc"]
mssql-pymssql = ["pymssql"]
mssql-pyodbc = ["pyodbc"]
mypy = ["mypy (>=0.910)"]
mysql = ["mysqlclient (>=1.4.0)"]
mysql-connector = ["mysql-connector-python"]
oracle = ["cx_oracle (>=8)"]
oracle-oracledb = ["oracledb (>=1.0.1)"]
postgresql = ["psycopg2 (>=2.7)"]
postgresql-asyncpg = ["asyncpg", "greenlet (>=1)"]
postgresql-pg8000 = ["pg8000 (>=1.29.1)"]
postgresql-psycopg = ["psycopg (>=3.0.7)"]
postgresql-psycopg2binary = ["psycopg2-binary"]
postgresql-psycopg2cffi = ["psycopg2cffi"]
postgresql-psycopgbinary = ["psycopg[binary] (>=3.0.7)"]
pymysql = ["pymysql"]
sqlcipher = ["sqlcipher3_binary"]

[[package]]
name = "tornado"
version = "6.4.2"
description = "Tornado is a Python web framework and asynchronous networking library, originally developed at FriendFeed."
optional = false
python-versions = ">=3.8"
groups = ["main"]
files = [
    {file = "tornado-6.4.2-cp38-abi3-macosx_10_9_universal2.whl", hash = "sha256:e828cce1123e9e44ae2a50a9de3055497ab1d0aeb440c5ac23064d9e44880da1"},
    {file = "tornado-6.4.2-cp38-abi3-macosx_10_9_x86_64.whl", hash = "sha256:072ce12ada169c5b00b7d92a99ba089447ccc993ea2143c9ede887e0937aa803"},
    {file = "tornado-6.4.2-cp38-abi3-manylinux_2_17_aarch64.manylinux2014_aarch64.whl", hash = "sha256:1a017d239bd1bb0919f72af256a970624241f070496635784d9bf0db640d3fec"},
    {file = "tornado-6.4.2-cp38-abi3-manylinux_2_5_i686.manylinux1_i686.manylinux_2_17_i686.manylinux2014_i686.whl", hash = "sha256:c36e62ce8f63409301537222faffcef7dfc5284f27eec227389f2ad11b09d946"},
    {file = "tornado-6.4.2-cp38-abi3-manylinux_2_5_x86_64.manylinux1_x86_64.manylinux_2_17_x86_64.manylinux2014_x86_64.whl", hash = "sha256:bca9eb02196e789c9cb5c3c7c0f04fb447dc2adffd95265b2c7223a8a615ccbf"},
    {file = "tornado-6.4.2-cp38-abi3-musllinux_1_2_aarch64.whl", hash = "sha256:304463bd0772442ff4d0f5149c6f1c2135a1fae045adf070821c6cdc76980634"},
    {file = "tornado-6.4.2-cp38-abi3-musllinux_1_2_i686.whl", hash = "sha256:c82c46813ba483a385ab2a99caeaedf92585a1f90defb5693351fa7e4ea0bf73"},
    {file = "tornado-6.4.2-cp38-abi3-musllinux_1_2_x86_64.whl", hash = "sha256:932d195ca9015956fa502c6b56af9eb06106140d844a335590c1ec7f5277d10c"},
    {file = "tornado-6.4.2-cp38-abi3-win32.whl", hash = "sha256:2876cef82e6c5978fde1e0d5b1f919d756968d5b4282418f3146b79b58556482"},
    {file = "tornado-6.4.2-cp38-abi3-win_amd64.whl", hash = "sha256:908b71bf3ff37d81073356a5fadcc660eb10c1476ee6e2725588626ce7e5ca38"},
    {file = "tornado-6.4.2.tar.gz", hash = "sha256:92bad5b4746e9879fd7bf1eb21dce4e3fc5128d71601f80005afa39237ad620b"},
]

[[package]]
name = "typing-extensions"
version = "4.13.2"
description = "Backported and Experimental Type Hints for Python 3.8+"
optional = false
python-versions = ">=3.8"
groups = ["main"]
files = [
    {file = "typing_extensions-4.13.2-py3-none-any.whl", hash = "sha256:a439e7c04b49fec3e5d3e2beaa21755cadbbdc391694e28ccdd36ca4a1408f8c"},
    {file = "typing_extensions-4.13.2.tar.gz", hash = "sha256:e6c81219bd689f51865d9e372991c540bda33a0379d5573cddb9a3a23f7caaef"},
]

[[package]]
name = "tzdata"
version = "2025.2"
description = "Provider of IANA time zone data"
optional = false
python-versions = ">=2"
groups = ["main"]
files = [
    {file = "tzdata-2025.2-py2.py3-none-any.whl", hash = "sha256:1a403fada01ff9221ca8044d701868fa132215d84beb92242d9acd2147f667a8"},
    {file = "tzdata-2025.2.tar.gz", hash = "sha256:b60a638fcc0daffadf82fe0f57e53d06bdec2f36c4df66280ae79bce6bd6f2b9"},
]

[[package]]
name = "vine"
version = "5.1.0"
description = "Python promises."
optional = false
python-versions = ">=3.6"
groups = ["main"]
files = [
    {file = "vine-5.1.0-py3-none-any.whl", hash = "sha256:40fdf3c48b2cfe1c38a49e9ae2da6fda88e4794c810050a728bd7413811fb1dc"},
    {file = "vine-5.1.0.tar.gz", hash = "sha256:8b62e981d35c41049211cf62a0a1242d8c1ee9bd15bb196ce38aefd6799e61e0"},
]

[[package]]
name = "wcwidth"
version = "0.2.13"
description = "Measures the displayed width of unicode strings in a terminal"
optional = false
python-versions = "*"
groups = ["main"]
files = [
    {file = "wcwidth-0.2.13-py2.py3-none-any.whl", hash = "sha256:3da69048e4540d84af32131829ff948f1e022c1c6bdb8d6102117aac784f6859"},
    {file = "wcwidth-0.2.13.tar.gz", hash = "sha256:72ea0c06399eb286d978fdedb6923a9eb47e1c486ce63e9b4e64fc18303972b5"},
]

[metadata]
lock-version = "2.1"
python-versions = ">=3.12"
content-hash = "a173fb94dea16b67d480e8ffe0cc818544ce36acb337f23dec671c532f33fe36"
